<?xml version="1.0" encoding="utf-8"?>
<Project ToolsVersion="4.0" xmlns="http://schemas.microsoft.com/developer/msbuild/2003">
  <ItemGroup>
    <Filter Include="Source Files">
      <UniqueIdentifier>{4FC737F1-C7A5-4376-A066-2A32D752A2FF}</UniqueIdentifier>
      <Extensions>cpp;c;cc;cxx;def;odl;idl;hpj;bat;asm;asmx</Extensions>
    </Filter>
    <Filter Include="Header Files">
      <UniqueIdentifier>{93995380-89BD-4b04-88EB-625FBE52EBFB}</UniqueIdentifier>
      <Extensions>h;hh;hpp;hxx;hm;inl;inc;ipp;xsd</Extensions>
    </Filter>
    <Filter Include="Resource Files">
      <UniqueIdentifier>{67DA6AB6-F800-4c08-8B7A-83BB121AAD01}</UniqueIdentifier>
      <Extensions>rc;ico;cur;bmp;dlg;rc2;rct;bin;rgs;gif;jpg;jpeg;jpe;resx;tiff;tif;png;wav;mfcribbon-ms</Extensions>
    </Filter>
  </ItemGroup>
  <ItemGroup>
    <ClInclude Include="stdafx.h">
      <Filter>Header Files</Filter>
    </ClInclude>
    <ClInclude Include="targetver.h">
      <Filter>Header Files</Filter>
    </ClInclude>
    <ClInclude Include="Loader.h">
      <Filter>Header Files</Filter>
    </ClInclude>
    <ClInclude Include="XMakina_Emulator_entities.h">
      <Filter>Header Files</Filter>
    </ClInclude>
    <ClInclude Include="debugger.h">
      <Filter>Header Files</Filter>
    </ClInclude>
    <ClInclude Include="CPU_operations.h">
      <Filter>Header Files</Filter>
    </ClInclude>
    <ClInclude Include="Branching_instructions.h">
      <Filter>Header Files</Filter>
    </ClInclude>
    <ClInclude Include="Memory_access_instructions.h">
      <Filter>Header Files</Filter>
    </ClInclude>
    <ClInclude Include="Single_Register_manipulation_and_initialization_instructions.h">
      <Filter>Header Files</Filter>
    </ClInclude>
    <ClInclude Include="Bus_Devices_Interrupt_operations.h">
      <Filter>Header Files</Filter>
    </ClInclude>
    <ClInclude Include="Two_Operand_instructions.h">
      <Filter>Header Files</Filter>
    </ClInclude>
  </ItemGroup>
  <ItemGroup>
    <ClCompile Include="stdafx.cpp">
      <Filter>Source Files</Filter>
    </ClCompile>
    <ClCompile Include="XMakina_Emulator.cpp">
      <Filter>Source Files</Filter>
    </ClCompile>
    <ClCompile Include="Loader.cpp">
      <Filter>Source Files</Filter>
    </ClCompile>
    <ClCompile Include="debugger.cpp">
      <Filter>Source Files</Filter>
    </ClCompile>
    <ClCompile Include="CPU_operations.cpp">
      <Filter>Source Files</Filter>
    </ClCompile>
    <ClCompile Include="Branching_instructions.cpp">
      <Filter>Source Files</Filter>
    </ClCompile>
    <ClCompile Include="Memory_access_instructions.cpp">
      <Filter>Source Files</Filter>
    </ClCompile>
    <ClCompile Include="Single_Register_manipulation_and_initialization_instructions.cpp">
      <Filter>Source Files</Filter>
    </ClCompile>
    <ClCompile Include="Two_Operand_instructions.cpp">
      <Filter>Source Files</Filter>
    </ClCompile>
    <ClCompile Include="XMakina_Emulator_entities.cpp">
      <Filter>Source Files</Filter>
    </ClCompile>
    <ClCompile Include="Bus_Devices_Interrupt_operations.cpp">
      <Filter>Source Files</Filter>
    </ClCompile>
  </ItemGroup>
  <ItemGroup>
    <Text Include="S_Record_test.txt">
      <Filter>Resource Files</Filter>
    </Text>
    <Text Include="Test Files\instruction and device polling test\device_poll_test.txt">
      <Filter>Resource Files</Filter>
    </Text>
    <Text Include="Test Files\System test with interrupts\system_test_device_file.txt">
      <Filter>Resource Files</Filter>
    </Text>
  </ItemGroup>
  <ItemGroup>
    <None Include="whole_ISA_test.xme">
      <Filter>Resource Files</Filter>
    </None>
    <None Include="Reg_ini_and_direct_memory_access_test.xme">
      <Filter>Resource Files</Filter>
    </None>
    <None Include="Test Files\All_XMakina_Inst.asm">
      <Filter>Resource Files</Filter>
    </None>
    <None Include="Test Files\All_XMakina_Inst.lis">
      <Filter>Resource Files</Filter>
    </None>
    <None Include="Test Files\All_XMakina_Inst.xme">
      <Filter>Resource Files</Filter>
    </None>
    <None Include="Test Files\XMakina_branching\XMakina_branching.asm">
      <Filter>Resource Files</Filter>
    </None>
    <None Include="Test Files\XMakina_branching\XMakina_branching.lis">
      <Filter>Resource Files</Filter>
    </None>
    <None Include="Test Files\XMakina_branching\XMakina_branching.xme">
      <Filter>Resource Files</Filter>
    </None>
    <None Include="Test Files\XMakina_dir_mem_access\XMakina_dir_mem_access.asm">
      <Filter>Resource Files</Filter>
    </None>
    <None Include="Test Files\XMakina_dir_mem_access\XMakina_dir_mem_access.lis">
      <Filter>Resource Files</Filter>
    </None>
    <None Include="Test Files\XMakina_dir_mem_access\XMakina_dir_mem_access.xme">
      <Filter>Resource Files</Filter>
    </None>
    <None Include="Test Files\XMakina_reg_init_inst\XMakina_reg_init_inst.asm">
      <Filter>Resource Files</Filter>
    </None>
    <None Include="Test Files\XMakina_reg_init_inst\XMakina_reg_init_inst.lis">
      <Filter>Resource Files</Filter>
    </None>
    <None Include="Test Files\XMakina_reg_init_inst\XMakina_reg_init_inst.xme">
      <Filter>Resource Files</Filter>
    </None>
    <None Include="Test Files\instruction and device polling test\device_poll_test.asm">
      <Filter>Resource Files</Filter>
    </None>
    <None Include="Test Files\instruction and device polling test\device_poll_test.lis">
      <Filter>Resource Files</Filter>
    </None>
    <None Include="Test Files\instruction and device polling test\device_poll_test.xme">
      <Filter>Resource Files</Filter>
    </None>
    <None Include="Test Files\System test with interrupts\system_test_with_ints.asm">
      <Filter>Resource Files</Filter>
    </None>
    <None Include="Test Files\System test with interrupts\system_test_with_ints.lis">
      <Filter>Resource Files</Filter>
    </None>
    <None Include="Test Files\System test with interrupts\system_test_with_ints.xme">
      <Filter>Resource Files</Filter>
    </None>
  </ItemGroup>
</Project>